
Microsoft Visual Studio Solution File, Format Version 12.00
# Visual Studio Version 17
VisualStudioVersion = 17.7.34024.191
MinimumVisualStudioVersion = 10.0.40219.1
Project("{FAE04EC0-301F-11D3-BF4B-00C04F79EFBC}") = "WinFormsApp2", "WinFormsApp2.csproj", "{5FFF3B11-6411-4DB6-BE8D-2906BD8C5C65}"
EndProject
Global
	GlobalSection(SolutionConfigurationPlatforms) = preSolution
		Debug|Any CPU = Debug|Any CPU
		Release|Any CPU = Release|Any CPU
	EndGlobalSection
	GlobalSection(ProjectConfigurationPlatforms) = postSolution
		{5FFF3B11-6411-4DB6-BE8D-2906BD8C5C65}.Debug|Any CPU.ActiveCfg = Debug|Any CPU
		{5FFF3B11-6411-4DB6-BE8D-2906BD8C5C65}.Debug|Any CPU.Build.0 = Debug|Any CPU
		{5FFF3B11-6411-4DB6-BE8D-2906BD8C5C65}.Release|Any CPU.ActiveCfg = Release|Any CPU
		{5FFF3B11-6411-4DB6-BE8D-2906BD8C5C65}.Release|Any CPU.Build.0 = Release|Any CPU
	EndGlobalSection
	GlobalSection(SolutionProperties) = preSolution
		HideSolutionNode = FALSE
	EndGlobalSection
	GlobalSection(ExtensibilityGlobals) = postSolution
		SolutionGuid = {85B0F93A-C836-4A1A-A959-5FFC987097A5}
	EndGlobalSection
EndGlobal
