
Microsoft Visual Studio Solution File, Format Version 12.00
# Visual Studio Version 17
VisualStudioVersion = 17.7.34024.191
MinimumVisualStudioVersion = 10.0.40219.1
Project("{FAE04EC0-301F-11D3-BF4B-00C04F79EFBC}") = "WinFormsApp1", "WinFormsApp1.csproj", "{353565C3-1738-407C-98BB-59F11FE1607B}"
EndProject
Global
	GlobalSection(SolutionConfigurationPlatforms) = preSolution
		Debug|Any CPU = Debug|Any CPU
		Release|Any CPU = Release|Any CPU
	EndGlobalSection
	GlobalSection(ProjectConfigurationPlatforms) = postSolution
		{353565C3-1738-407C-98BB-59F11FE1607B}.Debug|Any CPU.ActiveCfg = Debug|Any CPU
		{353565C3-1738-407C-98BB-59F11FE1607B}.Debug|Any CPU.Build.0 = Debug|Any CPU
		{353565C3-1738-407C-98BB-59F11FE1607B}.Release|Any CPU.ActiveCfg = Release|Any CPU
		{353565C3-1738-407C-98BB-59F11FE1607B}.Release|Any CPU.Build.0 = Release|Any CPU
	EndGlobalSection
	GlobalSection(SolutionProperties) = preSolution
		HideSolutionNode = FALSE
	EndGlobalSection
	GlobalSection(ExtensibilityGlobals) = postSolution
		SolutionGuid = {5A0790BE-E640-4A17-BA97-DA663AF1A942}
	EndGlobalSection
EndGlobal
